{
  "name": "04-jupter-notbook",
  "version": "1.0.0",
  "lockfileVersion": 2,
  "requires": true,
  "packages": {
    "": {
      "name": "04-jupter-notbook",
      "version": "1.0.0",
      "license": "ISC",
      "dependencies": {
        "nodejs-polars": "^0.6.0"
      }
    },
    "node_modules/nodejs-polars": {
      "version": "0.6.0",
      "resolved": "https://registry.npmjs.org/nodejs-polars/-/nodejs-polars-0.6.0.tgz",
      "integrity": "sha512-6+VMVjUguKrHZKt3mUTImQy8B31YKuxD0IYsYA6ESnFI/Fr8RSpIb1iVqveTAcjb6iTyQvrFClWItCZIKgz60A==",
      "engines": {
        "node": ">= 16"
      },
      "optionalDependencies": {
        "nodejs-polars-android-arm64": "0.6.0",
        "nodejs-polars-darwin-arm64": "0.6.0",
        "nodejs-polars-darwin-x64": "0.6.0",
        "nodejs-polars-linux-arm-gnueabihf": "0.6.0",
        "nodejs-polars-linux-arm64-gnu": "0.6.0",
        "nodejs-polars-linux-x64-gnu": "0.6.0",
        "nodejs-polars-win32-ia32-msvc": "0.6.0",
        "nodejs-polars-win32-x64-msvc": "0.6.0"
      }
    },
    "node_modules/nodejs-polars-darwin-arm64": {
      "version": "0.6.0",
      "resolved": "https://registry.npmjs.org/nodejs-polars-darwin-arm64/-/nodejs-polars-darwin-arm64-0.6.0.tgz",
      "integrity": "sha512-LSd9zOpw1t7JeDTqutPWsHMRU4JK0eQ3gdkhzPMvgfGY7FGA1ZSMox2ObTi6rVHL3cUPyDsw9fKXyO3SHCRs0g==",
      "cpu": [
        "arm64"
      ],
      "optional": true,
      "os": [
        "darwin"
      ],
      "engines": {
        "node": ">= 10"
      }
    },
    "node_modules/nodejs-polars-darwin-x64": {
      "version": "0.6.0",
      "resolved": "https://registry.npmjs.org/nodejs-polars-darwin-x64/-/nodejs-polars-darwin-x64-0.6.0.tgz",
      "integrity": "sha512-6xaGi2EQqxtnpiBAeJnYjtR3iSXW7duOxl+nJpoKCxirDbdtpQ+E3ChgEX2TNbDllYAm3OoGrqXpBNVMG2BCgA==",
      "cpu": [
        "x64"
      ],
      "optional": true,
      "os": [
        "darwin"
      ],
      "engines": {
        "node": ">= 10"
      }
    },
    "node_modules/nodejs-polars-linux-arm-gnueabihf": {
      "version": "0.6.0",
      "resolved": "https://registry.npmjs.org/nodejs-polars-linux-arm-gnueabihf/-/nodejs-polars-linux-arm-gnueabihf-0.6.0.tgz",
      "integrity": "sha512-B25RWn7neamKfnJH07rz+LFAI9v0Yu3Bm0ZYL3JwZvI00zAVEnqPEKn9zbSdgajnK8bImInu8FMDp0XJK531Zw==",
      "cpu": [
        "arm"
      ],
      "optional": true,
      "os": [
        "linux"
      ],
      "engines": {
        "node": ">= 10"
      }
    },
    "node_modules/nodejs-polars-linux-arm64-gnu": {
      "version": "0.6.0",
      "resolved": "https://registry.npmjs.org/nodejs-polars-linux-arm64-gnu/-/nodejs-polars-linux-arm64-gnu-0.6.0.tgz",
      "integrity": "sha512-561E3SaGb/6bW4NNqmYP6y1opyAgyNP0hp9rIS8D9O0efhXu3Tq2mN14g/ZjylJFqKb+Znc5fvfVtEDPld+d0Q==",
      "cpu": [
        "arm64"
      ],
      "optional": true,
      "os": [
        "linux"
      ],
      "engines": {
        "node": ">= 10"
      }
    },
    "node_modules/nodejs-polars-linux-x64-gnu": {
      "version": "0.6.0",
      "resolved": "https://registry.npmjs.org/nodejs-polars-linux-x64-gnu/-/nodejs-polars-linux-x64-gnu-0.6.0.tgz",
      "integrity": "sha512-L36qBR1nEIhozTn09ZfDap713zIOpnm0sOkr9W8NHk/jUP0Ljl3WL1i4Q62nGsFnl1QwR7qHaYqqYIZUQ+3qsw==",
      "cpu": [
        "x64"
      ],
      "optional": true,
      "os": [
        "linux"
      ],
      "engines": {
        "node": ">= 10"
      }
    },
    "node_modules/nodejs-polars-win32-ia32-msvc": {
      "version": "0.6.0",
      "resolved": "https://registry.npmjs.org/nodejs-polars-win32-ia32-msvc/-/nodejs-polars-win32-ia32-msvc-0.6.0.tgz",
      "integrity": "sha512-kqwSdX2F4wwQg2PSfVqHKsqIGoRBLGd1K0DM9eNldDc5wrvkmzR8joPT0NDSOQrKOplzzKIrNAFzJgKgEs6QlQ==",
      "cpu": [
        "ia32"
      ],
      "optional": true,
      "os": [
        "win32"
      ],
      "engines": {
        "node": ">= 10"
      }
    },
    "node_modules/nodejs-polars-win32-x64-msvc": {
      "version": "0.6.0",
      "resolved": "https://registry.npmjs.org/nodejs-polars-win32-x64-msvc/-/nodejs-polars-win32-x64-msvc-0.6.0.tgz",
      "integrity": "sha512-7ZJH3Ylcj0RrPv8bmj9tyJ3TB762mhfQuRLqb2FcdYGV1klT/MgP/RCIuMBkid2cRHVKeqHJG4dGLDyBDn8dGw==",
      "cpu": [
        "x64"
      ],
      "optional": true,
      "os": [
        "win32"
      ],
      "engines": {
        "node": ">= 10"
      }
    }
  },
  "dependencies": {
    "nodejs-polars": {
      "version": "0.6.0",
      "resolved": "https://registry.npmjs.org/nodejs-polars/-/nodejs-polars-0.6.0.tgz",
      "integrity": "sha512-6+VMVjUguKrHZKt3mUTImQy8B31YKuxD0IYsYA6ESnFI/Fr8RSpIb1iVqveTAcjb6iTyQvrFClWItCZIKgz60A==",
      "requires": {
        "nodejs-polars-android-arm64": "0.6.0",
        "nodejs-polars-darwin-arm64": "0.6.0",
        "nodejs-polars-darwin-x64": "0.6.0",
        "nodejs-polars-linux-arm-gnueabihf": "0.6.0",
        "nodejs-polars-linux-arm64-gnu": "0.6.0",
        "nodejs-polars-linux-x64-gnu": "0.6.0",
        "nodejs-polars-win32-ia32-msvc": "0.6.0",
        "nodejs-polars-win32-x64-msvc": "0.6.0"
      }
    },
    "nodejs-polars-darwin-arm64": {
      "version": "0.6.0",
      "resolved": "https://registry.npmjs.org/nodejs-polars-darwin-arm64/-/nodejs-polars-darwin-arm64-0.6.0.tgz",
      "integrity": "sha512-LSd9zOpw1t7JeDTqutPWsHMRU4JK0eQ3gdkhzPMvgfGY7FGA1ZSMox2ObTi6rVHL3cUPyDsw9fKXyO3SHCRs0g==",
      "optional": true
    },
    "nodejs-polars-darwin-x64": {
      "version": "0.6.0",
      "resolved": "https://registry.npmjs.org/nodejs-polars-darwin-x64/-/nodejs-polars-darwin-x64-0.6.0.tgz",
      "integrity": "sha512-6xaGi2EQqxtnpiBAeJnYjtR3iSXW7duOxl+nJpoKCxirDbdtpQ+E3ChgEX2TNbDllYAm3OoGrqXpBNVMG2BCgA==",
      "optional": true
    },
    "nodejs-polars-linux-arm-gnueabihf": {
      "version": "0.6.0",
      "resolved": "https://registry.npmjs.org/nodejs-polars-linux-arm-gnueabihf/-/nodejs-polars-linux-arm-gnueabihf-0.6.0.tgz",
      "integrity": "sha512-B25RWn7neamKfnJH07rz+LFAI9v0Yu3Bm0ZYL3JwZvI00zAVEnqPEKn9zbSdgajnK8bImInu8FMDp0XJK531Zw==",
      "optional": true
    },
    "nodejs-polars-linux-arm64-gnu": {
      "version": "0.6.0",
      "resolved": "https://registry.npmjs.org/nodejs-polars-linux-arm64-gnu/-/nodejs-polars-linux-arm64-gnu-0.6.0.tgz",
      "integrity": "sha512-561E3SaGb/6bW4NNqmYP6y1opyAgyNP0hp9rIS8D9O0efhXu3Tq2mN14g/ZjylJFqKb+Znc5fvfVtEDPld+d0Q==",
      "optional": true
    },
    "nodejs-polars-linux-x64-gnu": {
      "version": "0.6.0",
      "resolved": "https://registry.npmjs.org/nodejs-polars-linux-x64-gnu/-/nodejs-polars-linux-x64-gnu-0.6.0.tgz",
      "integrity": "sha512-L36qBR1nEIhozTn09ZfDap713zIOpnm0sOkr9W8NHk/jUP0Ljl3WL1i4Q62nGsFnl1QwR7qHaYqqYIZUQ+3qsw==",
      "optional": true
    },
    "nodejs-polars-win32-ia32-msvc": {
      "version": "0.6.0",
      "resolved": "https://registry.npmjs.org/nodejs-polars-win32-ia32-msvc/-/nodejs-polars-win32-ia32-msvc-0.6.0.tgz",
      "integrity": "sha512-kqwSdX2F4wwQg2PSfVqHKsqIGoRBLGd1K0DM9eNldDc5wrvkmzR8joPT0NDSOQrKOplzzKIrNAFzJgKgEs6QlQ==",
      "optional": true
    },
    "nodejs-polars-win32-x64-msvc": {
      "version": "0.6.0",
      "resolved": "https://registry.npmjs.org/nodejs-polars-win32-x64-msvc/-/nodejs-polars-win32-x64-msvc-0.6.0.tgz",
      "integrity": "sha512-7ZJH3Ylcj0RrPv8bmj9tyJ3TB762mhfQuRLqb2FcdYGV1klT/MgP/RCIuMBkid2cRHVKeqHJG4dGLDyBDn8dGw==",
      "optional": true
    }
  }
}
